schema: '2.0'
stages:
  data_ingestion:
    cmd: python src/cnnClassifier/pipeline/stage_01_data_ingestion.py
    deps:
    - path: config/config.yaml
      hash: md5
      md5: 748439f824e7361b800a38652d39ebf6
      size: 579
    - path: src/cnnClassifier/pipeline/stage_01_data_ingestion.py
      hash: md5
      md5: aea546e6b9aa94434b70eacc6229543a
      size: 902
    outs:
    - path: artifacts/data_ingestion/Kidney image dataset (small)
      hash: md5
      md5: 26c444d3905952ebef6b2f9d173121cc.dir
      size: 108353308
      nfiles: 800
  prepare_base_model:
    cmd: python src/cnnClassifier/pipeline/stage_02_prepare_base_model.py
    deps:
    - path: config/config.yaml
      hash: md5
      md5: 748439f824e7361b800a38652d39ebf6
      size: 579
    - path: src/cnnClassifier/pipeline/stage_02_prepare_base_model.py
      hash: md5
      md5: 20fb12d05454ce642305f9aa58dde59f
      size: 954
    params:
      params.yaml:
        CLASSES: 2
        IMAGE_SIZE:
        - 224
        - 224
        - 3
        INCLUDE_TOP: false
        LEARNING_RATE: 0.08
        WEIGHTS: imagenet
    outs:
    - path: artifacts/prepare_base_model
      hash: md5
      md5: 8cd3df70a48cfdea92c4b8064d36a726.dir
      size: 118054560
      nfiles: 2
  training:
    cmd: python src/cnnClassifier/pipeline/stage_03_model_training.py
    deps:
    - path: artifacts/data_ingestion/Kidney image dataset (small)
      hash: md5
      md5: 26c444d3905952ebef6b2f9d173121cc.dir
      size: 108353308
      nfiles: 800
    - path: artifacts/prepare_base_model
      hash: md5
      md5: 8cd3df70a48cfdea92c4b8064d36a726.dir
      size: 118054560
      nfiles: 2
    - path: config/config.yaml
      hash: md5
      md5: 748439f824e7361b800a38652d39ebf6
      size: 579
    - path: src/cnnClassifier/pipeline/stage_03_model_training.py
      hash: md5
      md5: ed9c55086cba0bdc528c610fd4e65e6a
      size: 874
    params:
      params.yaml:
        AUGMENTATION: false
        BATCH_SIZE: 16
        EPOCHS: 2
        IMAGE_SIZE:
        - 224
        - 224
        - 3
    outs:
    - path: artifacts/training/model.h5
      hash: md5
      md5: a5bf814a7753b5209c26e1eee70b8762
      size: 59337520
  evaluation:
    cmd: python src/cnnClassifier/pipeline/stage_04_model_evaluation.py
    deps:
    - path: artifacts/data_ingestion/Kidney image dataset (small)
      hash: md5
      md5: 26c444d3905952ebef6b2f9d173121cc.dir
      size: 108353308
      nfiles: 800
    - path: artifacts/training/model.h5
      hash: md5
      md5: a5bf814a7753b5209c26e1eee70b8762
      size: 59337520
    - path: config/config.yaml
      hash: md5
      md5: 748439f824e7361b800a38652d39ebf6
      size: 579
    - path: src/cnnClassifier/pipeline/stage_04_model_evaluation.py
      hash: md5
      md5: 3fceb4ac4bd09ba9900e1833534af160
      size: 936
    params:
      params.yaml:
        BATCH_SIZE: 16
        IMAGE_SIZE:
        - 224
        - 224
        - 3
    outs:
    - path: scores.json
      hash: md5
      md5: f88e3ad9e9d8aec295b60356a3b8f9f1
      size: 72
